// !$*UTF8*$!
{
	archiveVersion = 1;
	classes = {
	};
	objectVersion = 55;
	objects = {

/* Begin PBXBuildFile section */
		101B2759286D19920020E4FE /* club.mlmodel in Sources */ = {isa = PBXBuildFile; fileRef = 10633EAA2833190900C85A3B /* club.mlmodel */; };
		101B275B286D25300020E4FE /* ModelTypeClassification.swift in Sources */ = {isa = PBXBuildFile; fileRef = 101B275A286D252F0020E4FE /* ModelTypeClassification.swift */; };
		101B275D286E4B850020E4FE /* Database.swift in Sources */ = {isa = PBXBuildFile; fileRef = 101B275C286E4B800020E4FE /* Database.swift */; };
		101B275F286E639F0020E4FE /* ViewDataBase.swift in Sources */ = {isa = PBXBuildFile; fileRef = 101B275E286E639E0020E4FE /* ViewDataBase.swift */; };
		101B2763286E8B490020E4FE /* DataBaseViewController.swift in Sources */ = {isa = PBXBuildFile; fileRef = 101B2762286E8B480020E4FE /* DataBaseViewController.swift */; };
		10226954283C10F5004D867A /* HomeViewController.swift in Sources */ = {isa = PBXBuildFile; fileRef = 10226953283C10F4004D867A /* HomeViewController.swift */; };
		103CFDC4285AD0C4000E2720 /* FirebaseAuth.framework in Frameworks */ = {isa = PBXBuildFile; fileRef = 103CFDC1285AD0C4000E2720 /* FirebaseAuth.framework */; };
		103CFDC6285AD0C4000E2720 /* FirebaseCore.framework in Frameworks */ = {isa = PBXBuildFile; fileRef = 103CFDC2285AD0C4000E2720 /* FirebaseCore.framework */; };
		103CFDC8285AD0C4000E2720 /* FirebaseFirestore.framework in Frameworks */ = {isa = PBXBuildFile; fileRef = 103CFDC3285AD0C4000E2720 /* FirebaseFirestore.framework */; };
		104D51FB285C1BA100EFCB96 /* BiometricIDAuth.swift in Sources */ = {isa = PBXBuildFile; fileRef = 104D51FA285C1B9F00EFCB96 /* BiometricIDAuth.swift */; };
		1061418528388ECD004350A8 /* tomato animation.gif in Resources */ = {isa = PBXBuildFile; fileRef = 1061418428388ECC004350A8 /* tomato animation.gif */; };
		107F00072835B1560044CA67 /* Constants.swift in Sources */ = {isa = PBXBuildFile; fileRef = 107F00062835B14E0044CA67 /* Constants.swift */; };
		1096FC1F2859099700268CB8 /* Pods_PlantAssist.framework in Frameworks */ = {isa = PBXBuildFile; fileRef = 2465CE4B6906E6BD73595AA7 /* Pods_PlantAssist.framework */; };
		109C1E2327EFF23E004826CF /* AppDelegate.swift in Sources */ = {isa = PBXBuildFile; fileRef = 109C1E2227EFF23E004826CF /* AppDelegate.swift */; };
		109C1E2527EFF23E004826CF /* SceneDelegate.swift in Sources */ = {isa = PBXBuildFile; fileRef = 109C1E2427EFF23E004826CF /* SceneDelegate.swift */; };
		109C1E2727EFF23E004826CF /* ViewController.swift in Sources */ = {isa = PBXBuildFile; fileRef = 109C1E2627EFF23E004826CF /* ViewController.swift */; };
		109C1E2A27EFF23E004826CF /* Main.storyboard in Resources */ = {isa = PBXBuildFile; fileRef = 109C1E2827EFF23E004826CF /* Main.storyboard */; };
		109C1E2C27EFF24D004826CF /* Assets.xcassets in Resources */ = {isa = PBXBuildFile; fileRef = 109C1E2B27EFF24D004826CF /* Assets.xcassets */; };
		109C1E2F27EFF24D004826CF /* LaunchScreen.storyboard in Resources */ = {isa = PBXBuildFile; fileRef = 109C1E2D27EFF24D004826CF /* LaunchScreen.storyboard */; };
		109C1E3A27EFF24F004826CF /* PlantAssistTests.swift in Sources */ = {isa = PBXBuildFile; fileRef = 109C1E3927EFF24F004826CF /* PlantAssistTests.swift */; };
		109C1E4427EFF24F004826CF /* PlantAssistUITests.swift in Sources */ = {isa = PBXBuildFile; fileRef = 109C1E4327EFF24F004826CF /* PlantAssistUITests.swift */; };
		109C1E4627EFF24F004826CF /* PlantAssistUITestsLaunchTests.swift in Sources */ = {isa = PBXBuildFile; fileRef = 109C1E4527EFF24F004826CF /* PlantAssistUITestsLaunchTests.swift */; };
		109C1E5427EFF38C004826CF /* Inceptionv3.mlmodel in Sources */ = {isa = PBXBuildFile; fileRef = 109C1E5227EFF38B004826CF /* Inceptionv3.mlmodel */; };
		10AA31E3286FB25D008871D0 /* NewPostViewController.swift in Sources */ = {isa = PBXBuildFile; fileRef = 10AA31E2286FB25C008871D0 /* NewPostViewController.swift */; };
		10AA31E6286FBC1C008871D0 /* DetailViewController.swift in Sources */ = {isa = PBXBuildFile; fileRef = 10AA31E5286FBC1C008871D0 /* DetailViewController.swift */; };
		10CE210F2832FD640082390F /* Utilities.swift in Sources */ = {isa = PBXBuildFile; fileRef = 10CE210E2832FD630082390F /* Utilities.swift */; };
		10CFFCE22833117100501764 /* GoogleService-Info.plist in Resources */ = {isa = PBXBuildFile; fileRef = 10CFFCE12833117100501764 /* GoogleService-Info.plist */; };
		10DC6BD22832E9D300B45369 /* SignUpViewController.swift in Sources */ = {isa = PBXBuildFile; fileRef = 10DC6BD12832E9D200B45369 /* SignUpViewController.swift */; };
		10DC6BD42832EA3A00B45369 /* LoginViewController.swift in Sources */ = {isa = PBXBuildFile; fileRef = 10DC6BD32832EA3900B45369 /* LoginViewController.swift */; };
		E76513DFC41F8A25EDEC4B72 /* Pods_PlantAssistTests.framework in Frameworks */ = {isa = PBXBuildFile; fileRef = 8C0DE1F031570D56AB21C253 /* Pods_PlantAssistTests.framework */; };
		ED281BA87FCB802953909A65 /* Pods_PlantAssist_PlantAssistUITests.framework in Frameworks */ = {isa = PBXBuildFile; fileRef = 6C53444901C3E6BF345B2E90 /* Pods_PlantAssist_PlantAssistUITests.framework */; };
/* End PBXBuildFile section */

/* Begin PBXContainerItemProxy section */
		109C1E3627EFF24F004826CF /* PBXContainerItemProxy */ = {
			isa = PBXContainerItemProxy;
			containerPortal = 109C1E1727EFF23E004826CF /* Project object */;
			proxyType = 1;
			remoteGlobalIDString = 109C1E1E27EFF23E004826CF;
			remoteInfo = PlantAssist;
		};
		109C1E4027EFF24F004826CF /* PBXContainerItemProxy */ = {
			isa = PBXContainerItemProxy;
			containerPortal = 109C1E1727EFF23E004826CF /* Project object */;
			proxyType = 1;
			remoteGlobalIDString = 109C1E1E27EFF23E004826CF;
			remoteInfo = PlantAssist;
		};
/* End PBXContainerItemProxy section */

/* Begin PBXFileReference section */
		101B275A286D252F0020E4FE /* ModelTypeClassification.swift */ = {isa = PBXFileReference; lastKnownFileType = sourcecode.swift; path = ModelTypeClassification.swift; sourceTree = "<group>"; };
		101B275C286E4B800020E4FE /* Database.swift */ = {isa = PBXFileReference; lastKnownFileType = sourcecode.swift; path = Database.swift; sourceTree = "<group>"; };
		101B275E286E639E0020E4FE /* ViewDataBase.swift */ = {isa = PBXFileReference; lastKnownFileType = sourcecode.swift; path = ViewDataBase.swift; sourceTree = "<group>"; };
		101B2762286E8B480020E4FE /* DataBaseViewController.swift */ = {isa = PBXFileReference; lastKnownFileType = sourcecode.swift; path = DataBaseViewController.swift; sourceTree = "<group>"; };
		10226953283C10F4004D867A /* HomeViewController.swift */ = {isa = PBXFileReference; lastKnownFileType = sourcecode.swift; path = HomeViewController.swift; sourceTree = "<group>"; };
		103CFDC1285AD0C4000E2720 /* FirebaseAuth.framework */ = {isa = PBXFileReference; explicitFileType = wrapper.framework; path = FirebaseAuth.framework; sourceTree = BUILT_PRODUCTS_DIR; };
		103CFDC2285AD0C4000E2720 /* FirebaseCore.framework */ = {isa = PBXFileReference; explicitFileType = wrapper.framework; path = FirebaseCore.framework; sourceTree = BUILT_PRODUCTS_DIR; };
		103CFDC3285AD0C4000E2720 /* FirebaseFirestore.framework */ = {isa = PBXFileReference; explicitFileType = wrapper.framework; path = FirebaseFirestore.framework; sourceTree = BUILT_PRODUCTS_DIR; };
		104D51FA285C1B9F00EFCB96 /* BiometricIDAuth.swift */ = {isa = PBXFileReference; lastKnownFileType = sourcecode.swift; path = BiometricIDAuth.swift; sourceTree = "<group>"; };
		104D51FE285CEA6800EFCB96 /* PlantAssist.entitlements */ = {isa = PBXFileReference; lastKnownFileType = text.plist.entitlements; path = PlantAssist.entitlements; sourceTree = "<group>"; };
		1061418428388ECC004350A8 /* tomato animation.gif */ = {isa = PBXFileReference; lastKnownFileType = image.gif; path = "tomato animation.gif"; sourceTree = "<group>"; };
		10633EAA2833190900C85A3B /* club.mlmodel */ = {isa = PBXFileReference; lastKnownFileType = file.mlmodel; path = club.mlmodel; sourceTree = "<group>"; };
		107F00062835B14E0044CA67 /* Constants.swift */ = {isa = PBXFileReference; lastKnownFileType = sourcecode.swift; path = Constants.swift; sourceTree = "<group>"; };
		1096FC08285908AF00268CB8 /* FirebaseCore.framework */ = {isa = PBXFileReference; explicitFileType = wrapper.framework; path = FirebaseCore.framework; sourceTree = BUILT_PRODUCTS_DIR; };
		1096FC0C285908BF00268CB8 /* FirebaseAuth.framework */ = {isa = PBXFileReference; explicitFileType = wrapper.framework; path = FirebaseAuth.framework; sourceTree = BUILT_PRODUCTS_DIR; };
		1096FC10285908D000268CB8 /* FirebaseAnalytics.xcframework */ = {isa = PBXFileReference; lastKnownFileType = wrapper.xcframework; name = FirebaseAnalytics.xcframework; path = Pods/FirebaseAnalytics/Frameworks/FirebaseAnalytics.xcframework; sourceTree = "<group>"; };
		1096FC13285908E200268CB8 /* FirebaseFirestore.framework */ = {isa = PBXFileReference; explicitFileType = wrapper.framework; path = FirebaseFirestore.framework; sourceTree = BUILT_PRODUCTS_DIR; };
		109C1E1F27EFF23E004826CF /* PlantAssist.app */ = {isa = PBXFileReference; explicitFileType = wrapper.application; includeInIndex = 0; path = PlantAssist.app; sourceTree = BUILT_PRODUCTS_DIR; };
		109C1E2227EFF23E004826CF /* AppDelegate.swift */ = {isa = PBXFileReference; lastKnownFileType = sourcecode.swift; path = AppDelegate.swift; sourceTree = "<group>"; };
		109C1E2427EFF23E004826CF /* SceneDelegate.swift */ = {isa = PBXFileReference; lastKnownFileType = sourcecode.swift; path = SceneDelegate.swift; sourceTree = "<group>"; };
		109C1E2627EFF23E004826CF /* ViewController.swift */ = {isa = PBXFileReference; lastKnownFileType = sourcecode.swift; path = ViewController.swift; sourceTree = "<group>"; };
		109C1E2927EFF23E004826CF /* Base */ = {isa = PBXFileReference; lastKnownFileType = file.storyboard; name = Base; path = Base.lproj/Main.storyboard; sourceTree = "<group>"; };
		109C1E2B27EFF24D004826CF /* Assets.xcassets */ = {isa = PBXFileReference; lastKnownFileType = folder.assetcatalog; path = Assets.xcassets; sourceTree = "<group>"; };
		109C1E2E27EFF24D004826CF /* Base */ = {isa = PBXFileReference; lastKnownFileType = file.storyboard; name = Base; path = Base.lproj/LaunchScreen.storyboard; sourceTree = "<group>"; };
		109C1E3027EFF24D004826CF /* Info.plist */ = {isa = PBXFileReference; lastKnownFileType = text.plist.xml; path = Info.plist; sourceTree = "<group>"; };
		109C1E3527EFF24F004826CF /* PlantAssistTests.xctest */ = {isa = PBXFileReference; explicitFileType = wrapper.cfbundle; includeInIndex = 0; path = PlantAssistTests.xctest; sourceTree = BUILT_PRODUCTS_DIR; };
		109C1E3927EFF24F004826CF /* PlantAssistTests.swift */ = {isa = PBXFileReference; lastKnownFileType = sourcecode.swift; path = PlantAssistTests.swift; sourceTree = "<group>"; };
		109C1E3F27EFF24F004826CF /* PlantAssistUITests.xctest */ = {isa = PBXFileReference; explicitFileType = wrapper.cfbundle; includeInIndex = 0; path = PlantAssistUITests.xctest; sourceTree = BUILT_PRODUCTS_DIR; };
		109C1E4327EFF24F004826CF /* PlantAssistUITests.swift */ = {isa = PBXFileReference; lastKnownFileType = sourcecode.swift; path = PlantAssistUITests.swift; sourceTree = "<group>"; };
		109C1E4527EFF24F004826CF /* PlantAssistUITestsLaunchTests.swift */ = {isa = PBXFileReference; lastKnownFileType = sourcecode.swift; path = PlantAssistUITestsLaunchTests.swift; sourceTree = "<group>"; };
		109C1E5227EFF38B004826CF /* Inceptionv3.mlmodel */ = {isa = PBXFileReference; lastKnownFileType = file.mlmodel; path = Inceptionv3.mlmodel; sourceTree = "<group>"; };
		10AA31E2286FB25C008871D0 /* NewPostViewController.swift */ = {isa = PBXFileReference; lastKnownFileType = sourcecode.swift; path = NewPostViewController.swift; sourceTree = "<group>"; };
		10AA31E5286FBC1C008871D0 /* DetailViewController.swift */ = {isa = PBXFileReference; lastKnownFileType = sourcecode.swift; path = DetailViewController.swift; sourceTree = "<group>"; };
		10CE210E2832FD630082390F /* Utilities.swift */ = {isa = PBXFileReference; fileEncoding = 4; lastKnownFileType = sourcecode.swift; path = Utilities.swift; sourceTree = "<group>"; };
		10CFFCE12833117100501764 /* GoogleService-Info.plist */ = {isa = PBXFileReference; fileEncoding = 4; lastKnownFileType = text.plist.xml; path = "GoogleService-Info.plist"; sourceTree = "<group>"; };
		10DC6BD12832E9D200B45369 /* SignUpViewController.swift */ = {isa = PBXFileReference; lastKnownFileType = sourcecode.swift; path = SignUpViewController.swift; sourceTree = "<group>"; };
		10DC6BD32832EA3900B45369 /* LoginViewController.swift */ = {isa = PBXFileReference; lastKnownFileType = sourcecode.swift; path = LoginViewController.swift; sourceTree = "<group>"; };
		2465CE4B6906E6BD73595AA7 /* Pods_PlantAssist.framework */ = {isa = PBXFileReference; explicitFileType = wrapper.framework; includeInIndex = 0; path = Pods_PlantAssist.framework; sourceTree = BUILT_PRODUCTS_DIR; };
		24DB03DE9339D3787C77F216 /* Pods-PlantAssistTests.debug.xcconfig */ = {isa = PBXFileReference; includeInIndex = 1; lastKnownFileType = text.xcconfig; name = "Pods-PlantAssistTests.debug.xcconfig"; path = "Target Support Files/Pods-PlantAssistTests/Pods-PlantAssistTests.debug.xcconfig"; sourceTree = "<group>"; };
		4F587D12AEBEB1C65DE702A3 /* Pods-PlantAssist-PlantAssistUITests.release.xcconfig */ = {isa = PBXFileReference; includeInIndex = 1; lastKnownFileType = text.xcconfig; name = "Pods-PlantAssist-PlantAssistUITests.release.xcconfig"; path = "Target Support Files/Pods-PlantAssist-PlantAssistUITests/Pods-PlantAssist-PlantAssistUITests.release.xcconfig"; sourceTree = "<group>"; };
		6C53444901C3E6BF345B2E90 /* Pods_PlantAssist_PlantAssistUITests.framework */ = {isa = PBXFileReference; explicitFileType = wrapper.framework; includeInIndex = 0; path = Pods_PlantAssist_PlantAssistUITests.framework; sourceTree = BUILT_PRODUCTS_DIR; };
		76EA664DDD95AA52119F857A /* Pods-PlantAssist.debug.xcconfig */ = {isa = PBXFileReference; includeInIndex = 1; lastKnownFileType = text.xcconfig; name = "Pods-PlantAssist.debug.xcconfig"; path = "Target Support Files/Pods-PlantAssist/Pods-PlantAssist.debug.xcconfig"; sourceTree = "<group>"; };
		80BDA528F48EF1161DE537F3 /* Pods-PlantAssistTests.release.xcconfig */ = {isa = PBXFileReference; includeInIndex = 1; lastKnownFileType = text.xcconfig; name = "Pods-PlantAssistTests.release.xcconfig"; path = "Target Support Files/Pods-PlantAssistTests/Pods-PlantAssistTests.release.xcconfig"; sourceTree = "<group>"; };
		8C0DE1F031570D56AB21C253 /* Pods_PlantAssistTests.framework */ = {isa = PBXFileReference; explicitFileType = wrapper.framework; includeInIndex = 0; path = Pods_PlantAssistTests.framework; sourceTree = BUILT_PRODUCTS_DIR; };
		C02601DECEBD1433F7B2F6EA /* Pods-PlantAssist.release.xcconfig */ = {isa = PBXFileReference; includeInIndex = 1; lastKnownFileType = text.xcconfig; name = "Pods-PlantAssist.release.xcconfig"; path = "Target Support Files/Pods-PlantAssist/Pods-PlantAssist.release.xcconfig"; sourceTree = "<group>"; };
		DC649AD26648DAF62DC8B707 /* Pods-PlantAssist-PlantAssistUITests.debug.xcconfig */ = {isa = PBXFileReference; includeInIndex = 1; lastKnownFileType = text.xcconfig; name = "Pods-PlantAssist-PlantAssistUITests.debug.xcconfig"; path = "Target Support Files/Pods-PlantAssist-PlantAssistUITests/Pods-PlantAssist-PlantAssistUITests.debug.xcconfig"; sourceTree = "<group>"; };
/* End PBXFileReference section */

/* Begin PBXFrameworksBuildPhase section */
		109C1E1C27EFF23E004826CF /* Frameworks */ = {
			isa = PBXFrameworksBuildPhase;
			buildActionMask = 2147483647;
			files = (
				1096FC1F2859099700268CB8 /* Pods_PlantAssist.framework in Frameworks */,
				103CFDC4285AD0C4000E2720 /* FirebaseAuth.framework in Frameworks */,
				103CFDC6285AD0C4000E2720 /* FirebaseCore.framework in Frameworks */,
				103CFDC8285AD0C4000E2720 /* FirebaseFirestore.framework in Frameworks */,
			);
			runOnlyForDeploymentPostprocessing = 0;
		};
		109C1E3227EFF24F004826CF /* Frameworks */ = {
			isa = PBXFrameworksBuildPhase;
			buildActionMask = 2147483647;
			files = (
				E76513DFC41F8A25EDEC4B72 /* Pods_PlantAssistTests.framework in Frameworks */,
			);
			runOnlyForDeploymentPostprocessing = 0;
		};
		109C1E3C27EFF24F004826CF /* Frameworks */ = {
			isa = PBXFrameworksBuildPhase;
			buildActionMask = 2147483647;
			files = (
				ED281BA87FCB802953909A65 /* Pods_PlantAssist_PlantAssistUITests.framework in Frameworks */,
			);
			runOnlyForDeploymentPostprocessing = 0;
		};
/* End PBXFrameworksBuildPhase section */

/* Begin PBXGroup section */
		09D10662C3843ADB475E4E90 /* Pods */ = {
			isa = PBXGroup;
			children = (
				76EA664DDD95AA52119F857A /* Pods-PlantAssist.debug.xcconfig */,
				C02601DECEBD1433F7B2F6EA /* Pods-PlantAssist.release.xcconfig */,
				DC649AD26648DAF62DC8B707 /* Pods-PlantAssist-PlantAssistUITests.debug.xcconfig */,
				4F587D12AEBEB1C65DE702A3 /* Pods-PlantAssist-PlantAssistUITests.release.xcconfig */,
				24DB03DE9339D3787C77F216 /* Pods-PlantAssistTests.debug.xcconfig */,
				80BDA528F48EF1161DE537F3 /* Pods-PlantAssistTests.release.xcconfig */,
			);
			path = Pods;
			sourceTree = "<group>";
		};
		1061418328388495004350A8 /* Media */ = {
			isa = PBXGroup;
			children = (
				1061418428388ECC004350A8 /* tomato animation.gif */,
			);
			path = Media;
			sourceTree = "<group>";
		};
		10633EA9283318E500C85A3B /* Models */ = {
			isa = PBXGroup;
			children = (
				10633EAA2833190900C85A3B /* club.mlmodel */,
				109C1E5227EFF38B004826CF /* Inceptionv3.mlmodel */,
			);
			path = Models;
			sourceTree = "<group>";
		};
		109C1E1627EFF23E004826CF = {
			isa = PBXGroup;
			children = (
				109C1E2127EFF23E004826CF /* PlantAssist */,
				109C1E3827EFF24F004826CF /* PlantAssistTests */,
				109C1E4227EFF24F004826CF /* PlantAssistUITests */,
				109C1E2027EFF23E004826CF /* Products */,
				09D10662C3843ADB475E4E90 /* Pods */,
				C6D514149B0309A801D5DAF5 /* Frameworks */,
			);
			sourceTree = "<group>";
		};
		109C1E2027EFF23E004826CF /* Products */ = {
			isa = PBXGroup;
			children = (
				109C1E1F27EFF23E004826CF /* PlantAssist.app */,
				109C1E3527EFF24F004826CF /* PlantAssistTests.xctest */,
				109C1E3F27EFF24F004826CF /* PlantAssistUITests.xctest */,
			);
			name = Products;
			sourceTree = "<group>";
		};
		109C1E2127EFF23E004826CF /* PlantAssist */ = {
			isa = PBXGroup;
			children = (
				104D51FE285CEA6800EFCB96 /* PlantAssist.entitlements */,
				10633EA9283318E500C85A3B /* Models */,
				1061418328388495004350A8 /* Media */,
				10CE21102832FD6E0082390F /* Functions */,
				10AA31E4286FB272008871D0 /* SQL Database */,
				10DC6BD82832EAC500B45369 /* View Controller */,
				109C1E2227EFF23E004826CF /* AppDelegate.swift */,
				109C1E2427EFF23E004826CF /* SceneDelegate.swift */,
				109C1E2827EFF23E004826CF /* Main.storyboard */,
				109C1E2B27EFF24D004826CF /* Assets.xcassets */,
				109C1E2D27EFF24D004826CF /* LaunchScreen.storyboard */,
				109C1E3027EFF24D004826CF /* Info.plist */,
				10CFFCE12833117100501764 /* GoogleService-Info.plist */,
			);
			path = PlantAssist;
			sourceTree = "<group>";
		};
		109C1E3827EFF24F004826CF /* PlantAssistTests */ = {
			isa = PBXGroup;
			children = (
				109C1E3927EFF24F004826CF /* PlantAssistTests.swift */,
			);
			path = PlantAssistTests;
			sourceTree = "<group>";
		};
		109C1E4227EFF24F004826CF /* PlantAssistUITests */ = {
			isa = PBXGroup;
			children = (
				109C1E4327EFF24F004826CF /* PlantAssistUITests.swift */,
				109C1E4527EFF24F004826CF /* PlantAssistUITestsLaunchTests.swift */,
			);
			path = PlantAssistUITests;
			sourceTree = "<group>";
		};
		10AA31E4286FB272008871D0 /* SQL Database */ = {
			isa = PBXGroup;
			children = (
				101B275C286E4B800020E4FE /* Database.swift */,
				101B275E286E639E0020E4FE /* ViewDataBase.swift */,
				101B2762286E8B480020E4FE /* DataBaseViewController.swift */,
				10AA31E5286FBC1C008871D0 /* DetailViewController.swift */,
				10AA31E2286FB25C008871D0 /* NewPostViewController.swift */,
			);
			path = "SQL Database";
			sourceTree = "<group>";
		};
		10CE21102832FD6E0082390F /* Functions */ = {
			isa = PBXGroup;
			children = (
				10CE210E2832FD630082390F /* Utilities.swift */,
				101B275A286D252F0020E4FE /* ModelTypeClassification.swift */,
				107F00062835B14E0044CA67 /* Constants.swift */,
				104D51FA285C1B9F00EFCB96 /* BiometricIDAuth.swift */,
			);
			path = Functions;
			sourceTree = "<group>";
		};
		10DC6BD82832EAC500B45369 /* View Controller */ = {
			isa = PBXGroup;
			children = (
				10DC6BD12832E9D200B45369 /* SignUpViewController.swift */,
				10DC6BD32832EA3900B45369 /* LoginViewController.swift */,
				10226953283C10F4004D867A /* HomeViewController.swift */,
				109C1E2627EFF23E004826CF /* ViewController.swift */,
			);
			path = "View Controller";
			sourceTree = "<group>";
		};
		C6D514149B0309A801D5DAF5 /* Frameworks */ = {
			isa = PBXGroup;
			children = (
				103CFDC1285AD0C4000E2720 /* FirebaseAuth.framework */,
				103CFDC2285AD0C4000E2720 /* FirebaseCore.framework */,
				103CFDC3285AD0C4000E2720 /* FirebaseFirestore.framework */,
				1096FC13285908E200268CB8 /* FirebaseFirestore.framework */,
				1096FC10285908D000268CB8 /* FirebaseAnalytics.xcframework */,
				1096FC0C285908BF00268CB8 /* FirebaseAuth.framework */,
				1096FC08285908AF00268CB8 /* FirebaseCore.framework */,
				2465CE4B6906E6BD73595AA7 /* Pods_PlantAssist.framework */,
				6C53444901C3E6BF345B2E90 /* Pods_PlantAssist_PlantAssistUITests.framework */,
				8C0DE1F031570D56AB21C253 /* Pods_PlantAssistTests.framework */,
			);
			name = Frameworks;
			sourceTree = "<group>";
		};
/* End PBXGroup section */

/* Begin PBXNativeTarget section */
		109C1E1E27EFF23E004826CF /* PlantAssist */ = {
			isa = PBXNativeTarget;
			buildConfigurationList = 109C1E4927EFF24F004826CF /* Build configuration list for PBXNativeTarget "PlantAssist" */;
			buildPhases = (
				0A362D698BA4CAF25A7AE9B0 /* [CP] Check Pods Manifest.lock */,
				109C1E1B27EFF23E004826CF /* Sources */,
				109C1E1C27EFF23E004826CF /* Frameworks */,
				109C1E1D27EFF23E004826CF /* Resources */,
				A5013C78574F38579339FB00 /* [CP] Embed Pods Frameworks */,
			);
			buildRules = (
			);
			dependencies = (
			);
			name = PlantAssist;
			packageProductDependencies = (
			);
			productName = PlantAssist;
			productReference = 109C1E1F27EFF23E004826CF /* PlantAssist.app */;
			productType = "com.apple.product-type.application";
		};
		109C1E3427EFF24F004826CF /* PlantAssistTests */ = {
			isa = PBXNativeTarget;
			buildConfigurationList = 109C1E4C27EFF24F004826CF /* Build configuration list for PBXNativeTarget "PlantAssistTests" */;
			buildPhases = (
				03C414A25B271BEDE80EABC6 /* [CP] Check Pods Manifest.lock */,
				109C1E3127EFF24F004826CF /* Sources */,
				109C1E3227EFF24F004826CF /* Frameworks */,
				109C1E3327EFF24F004826CF /* Resources */,
			);
			buildRules = (
			);
			dependencies = (
				109C1E3727EFF24F004826CF /* PBXTargetDependency */,
			);
			name = PlantAssistTests;
			productName = PlantAssistTests;
			productReference = 109C1E3527EFF24F004826CF /* PlantAssistTests.xctest */;
			productType = "com.apple.product-type.bundle.unit-test";
		};
		109C1E3E27EFF24F004826CF /* PlantAssistUITests */ = {
			isa = PBXNativeTarget;
			buildConfigurationList = 109C1E4F27EFF24F004826CF /* Build configuration list for PBXNativeTarget "PlantAssistUITests" */;
			buildPhases = (
				0A168330513D386385A8B4B2 /* [CP] Check Pods Manifest.lock */,
				109C1E3B27EFF24F004826CF /* Sources */,
				109C1E3C27EFF24F004826CF /* Frameworks */,
				109C1E3D27EFF24F004826CF /* Resources */,
				B0C57B7A4F9AA5E20D94B9DF /* [CP] Embed Pods Frameworks */,
			);
			buildRules = (
			);
			dependencies = (
				109C1E4127EFF24F004826CF /* PBXTargetDependency */,
			);
			name = PlantAssistUITests;
			productName = PlantAssistUITests;
			productReference = 109C1E3F27EFF24F004826CF /* PlantAssistUITests.xctest */;
			productType = "com.apple.product-type.bundle.ui-testing";
		};
/* End PBXNativeTarget section */

/* Begin PBXProject section */
		109C1E1727EFF23E004826CF /* Project object */ = {
			isa = PBXProject;
			attributes = {
				BuildIndependentTargetsInParallel = 1;
				LastSwiftUpdateCheck = 1320;
				LastUpgradeCheck = 1320;
				TargetAttributes = {
					109C1E1E27EFF23E004826CF = {
						CreatedOnToolsVersion = 13.2.1;
					};
					109C1E3427EFF24F004826CF = {
						CreatedOnToolsVersion = 13.2.1;
						TestTargetID = 109C1E1E27EFF23E004826CF;
					};
					109C1E3E27EFF24F004826CF = {
						CreatedOnToolsVersion = 13.2.1;
						TestTargetID = 109C1E1E27EFF23E004826CF;
					};
				};
			};
			buildConfigurationList = 109C1E1A27EFF23E004826CF /* Build configuration list for PBXProject "PlantAssist" */;
			compatibilityVersion = "Xcode 13.0";
			developmentRegion = en;
			hasScannedForEncodings = 0;
			knownRegions = (
				en,
				Base,
			);
			mainGroup = 109C1E1627EFF23E004826CF;
			packageReferences = (
				10633EAB28331E0D00C85A3B /* XCRemoteSwiftPackageReference "firebase-ios-sdk" */,
			);
			productRefGroup = 109C1E2027EFF23E004826CF /* Products */;
			projectDirPath = "";
			projectRoot = "";
			targets = (
				109C1E1E27EFF23E004826CF /* PlantAssist */,
				109C1E3427EFF24F004826CF /* PlantAssistTests */,
				109C1E3E27EFF24F004826CF /* PlantAssistUITests */,
			);
		};
/* End PBXProject section */

/* Begin PBXResourcesBuildPhase section */
		109C1E1D27EFF23E004826CF /* Resources */ = {
			isa = PBXResourcesBuildPhase;
			buildActionMask = 2147483647;
			files = (
				109C1E2F27EFF24D004826CF /* LaunchScreen.storyboard in Resources */,
				10CFFCE22833117100501764 /* GoogleService-Info.plist in Resources */,
				109C1E2C27EFF24D004826CF /* Assets.xcassets in Resources */,
				1061418528388ECD004350A8 /* tomato animation.gif in Resources */,
				109C1E2A27EFF23E004826CF /* Main.storyboard in Resources */,
			);
			runOnlyForDeploymentPostprocessing = 0;
		};
		109C1E3327EFF24F004826CF /* Resources */ = {
			isa = PBXResourcesBuildPhase;
			buildActionMask = 2147483647;
			files = (
			);
			runOnlyForDeploymentPostprocessing = 0;
		};
		109C1E3D27EFF24F004826CF /* Resources */ = {
			isa = PBXResourcesBuildPhase;
			buildActionMask = 2147483647;
			files = (
			);
			runOnlyForDeploymentPostprocessing = 0;
		};
/* End PBXResourcesBuildPhase section */

/* Begin PBXShellScriptBuildPhase section */
		03C414A25B271BEDE80EABC6 /* [CP] Check Pods Manifest.lock */ = {
			isa = PBXShellScriptBuildPhase;
			buildActionMask = 2147483647;
			files = (
			);
			inputFileListPaths = (
			);
			inputPaths = (
				"${PODS_PODFILE_DIR_PATH}/Podfile.lock",
				"${PODS_ROOT}/Manifest.lock",
			);
			name = "[CP] Check Pods Manifest.lock";
			outputFileListPaths = (
			);
			outputPaths = (
				"$(DERIVED_FILE_DIR)/Pods-PlantAssistTests-checkManifestLockResult.txt",
			);
			runOnlyForDeploymentPostprocessing = 0;
			shellPath = /bin/sh;
			shellScript = "diff \"${PODS_PODFILE_DIR_PATH}/Podfile.lock\" \"${PODS_ROOT}/Manifest.lock\" > /dev/null\nif [ $? != 0 ] ; then\n    # print error to STDERR\n    echo \"error: The sandbox is not in sync with the Podfile.lock. Run 'pod install' or update your CocoaPods installation.\" >&2\n    exit 1\nfi\n# This output is used by Xcode 'outputs' to avoid re-running this script phase.\necho \"SUCCESS\" > \"${SCRIPT_OUTPUT_FILE_0}\"\n";
			showEnvVarsInLog = 0;
		};
		0A168330513D386385A8B4B2 /* [CP] Check Pods Manifest.lock */ = {
			isa = PBXShellScriptBuildPhase;
			buildActionMask = 2147483647;
			files = (
			);
			inputFileListPaths = (
			);
			inputPaths = (
				"${PODS_PODFILE_DIR_PATH}/Podfile.lock",
				"${PODS_ROOT}/Manifest.lock",
			);
			name = "[CP] Check Pods Manifest.lock";
			outputFileListPaths = (
			);
			outputPaths = (
				"$(DERIVED_FILE_DIR)/Pods-PlantAssist-PlantAssistUITests-checkManifestLockResult.txt",
			);
			runOnlyForDeploymentPostprocessing = 0;
			shellPath = /bin/sh;
			shellScript = "diff \"${PODS_PODFILE_DIR_PATH}/Podfile.lock\" \"${PODS_ROOT}/Manifest.lock\" > /dev/null\nif [ $? != 0 ] ; then\n    # print error to STDERR\n    echo \"error: The sandbox is not in sync with the Podfile.lock. Run 'pod install' or update your CocoaPods installation.\" >&2\n    exit 1\nfi\n# This output is used by Xcode 'outputs' to avoid re-running this script phase.\necho \"SUCCESS\" > \"${SCRIPT_OUTPUT_FILE_0}\"\n";
			showEnvVarsInLog = 0;
		};
		0A362D698BA4CAF25A7AE9B0 /* [CP] Check Pods Manifest.lock */ = {
			isa = PBXShellScriptBuildPhase;
			buildActionMask = 2147483647;
			files = (
			);
			inputFileListPaths = (
			);
			inputPaths = (
				"${PODS_PODFILE_DIR_PATH}/Podfile.lock",
				"${PODS_ROOT}/Manifest.lock",
			);
			name = "[CP] Check Pods Manifest.lock";
			outputFileListPaths = (
			);
			outputPaths = (
				"$(DERIVED_FILE_DIR)/Pods-PlantAssist-checkManifestLockResult.txt",
			);
			runOnlyForDeploymentPostprocessing = 0;
			shellPath = /bin/sh;
			shellScript = "diff \"${PODS_PODFILE_DIR_PATH}/Podfile.lock\" \"${PODS_ROOT}/Manifest.lock\" > /dev/null\nif [ $? != 0 ] ; then\n    # print error to STDERR\n    echo \"error: The sandbox is not in sync with the Podfile.lock. Run 'pod install' or update your CocoaPods installation.\" >&2\n    exit 1\nfi\n# This output is used by Xcode 'outputs' to avoid re-running this script phase.\necho \"SUCCESS\" > \"${SCRIPT_OUTPUT_FILE_0}\"\n";
			showEnvVarsInLog = 0;
		};
		A5013C78574F38579339FB00 /* [CP] Embed Pods Frameworks */ = {
			isa = PBXShellScriptBuildPhase;
			buildActionMask = 2147483647;
			files = (
			);
			inputFileListPaths = (
				"${PODS_ROOT}/Target Support Files/Pods-PlantAssist/Pods-PlantAssist-frameworks-${CONFIGURATION}-input-files.xcfilelist",
			);
			name = "[CP] Embed Pods Frameworks";
			outputFileListPaths = (
				"${PODS_ROOT}/Target Support Files/Pods-PlantAssist/Pods-PlantAssist-frameworks-${CONFIGURATION}-output-files.xcfilelist",
			);
			runOnlyForDeploymentPostprocessing = 0;
			shellPath = /bin/sh;
			shellScript = "\"${PODS_ROOT}/Target Support Files/Pods-PlantAssist/Pods-PlantAssist-frameworks.sh\"\n";
			showEnvVarsInLog = 0;
		};
		B0C57B7A4F9AA5E20D94B9DF /* [CP] Embed Pods Frameworks */ = {
			isa = PBXShellScriptBuildPhase;
			buildActionMask = 2147483647;
			files = (
			);
			inputFileListPaths = (
				"${PODS_ROOT}/Target Support Files/Pods-PlantAssist-PlantAssistUITests/Pods-PlantAssist-PlantAssistUITests-frameworks-${CONFIGURATION}-input-files.xcfilelist",
			);
			name = "[CP] Embed Pods Frameworks";
			outputFileListPaths = (
				"${PODS_ROOT}/Target Support Files/Pods-PlantAssist-PlantAssistUITests/Pods-PlantAssist-PlantAssistUITests-frameworks-${CONFIGURATION}-output-files.xcfilelist",
			);
			runOnlyForDeploymentPostprocessing = 0;
			shellPath = /bin/sh;
			shellScript = "\"${PODS_ROOT}/Target Support Files/Pods-PlantAssist-PlantAssistUITests/Pods-PlantAssist-PlantAssistUITests-frameworks.sh\"\n";
			showEnvVarsInLog = 0;
		};
/* End PBXShellScriptBuildPhase section */

/* Begin PBXSourcesBuildPhase section */
		109C1E1B27EFF23E004826CF /* Sources */ = {
			isa = PBXSourcesBuildPhase;
			buildActionMask = 2147483647;
			files = (
				10DC6BD42832EA3A00B45369 /* LoginViewController.swift in Sources */,
				10AA31E6286FBC1C008871D0 /* DetailViewController.swift in Sources */,
				10226954283C10F5004D867A /* HomeViewController.swift in Sources */,
				101B2763286E8B490020E4FE /* DataBaseViewController.swift in Sources */,
				10DC6BD22832E9D300B45369 /* SignUpViewController.swift in Sources */,
				109C1E2727EFF23E004826CF /* ViewController.swift in Sources */,
				10AA31E3286FB25D008871D0 /* NewPostViewController.swift in Sources */,
				109C1E5427EFF38C004826CF /* Inceptionv3.mlmodel in Sources */,
				101B275F286E639F0020E4FE /* ViewDataBase.swift in Sources */,
				104D51FB285C1BA100EFCB96 /* BiometricIDAuth.swift in Sources */,
				107F00072835B1560044CA67 /* Constants.swift in Sources */,
				101B275B286D25300020E4FE /* ModelTypeClassification.swift in Sources */,
				109C1E2327EFF23E004826CF /* AppDelegate.swift in Sources */,
				10CE210F2832FD640082390F /* Utilities.swift in Sources */,
				109C1E2527EFF23E004826CF /* SceneDelegate.swift in Sources */,
				101B275D286E4B850020E4FE /* Database.swift in Sources */,
				101B2759286D19920020E4FE /* club.mlmodel in Sources */,
			);
			runOnlyForDeploymentPostprocessing = 0;
		};
		109C1E3127EFF24F004826CF /* Sources */ = {
			isa = PBXSourcesBuildPhase;
			buildActionMask = 2147483647;
			files = (
				109C1E3A27EFF24F004826CF /* PlantAssistTests.swift in Sources */,
			);
			runOnlyForDeploymentPostprocessing = 0;
		};
		109C1E3B27EFF24F004826CF /* Sources */ = {
			isa = PBXSourcesBuildPhase;
			buildActionMask = 2147483647;
			files = (
				109C1E4427EFF24F004826CF /* PlantAssistUITests.swift in Sources */,
				109C1E4627EFF24F004826CF /* PlantAssistUITestsLaunchTests.swift in Sources */,
			);
			runOnlyForDeploymentPostprocessing = 0;
		};
/* End PBXSourcesBuildPhase section */

/* Begin PBXTargetDependency section */
		109C1E3727EFF24F004826CF /* PBXTargetDependency */ = {
			isa = PBXTargetDependency;
			target = 109C1E1E27EFF23E004826CF /* PlantAssist */;
			targetProxy = 109C1E3627EFF24F004826CF /* PBXContainerItemProxy */;
		};
		109C1E4127EFF24F004826CF /* PBXTargetDependency */ = {
			isa = PBXTargetDependency;
			target = 109C1E1E27EFF23E004826CF /* PlantAssist */;
			targetProxy = 109C1E4027EFF24F004826CF /* PBXContainerItemProxy */;
		};
/* End PBXTargetDependency section */

/* Begin PBXVariantGroup section */
		109C1E2827EFF23E004826CF /* Main.storyboard */ = {
			isa = PBXVariantGroup;
			children = (
				109C1E2927EFF23E004826CF /* Base */,
			);
			name = Main.storyboard;
			sourceTree = "<group>";
		};
		109C1E2D27EFF24D004826CF /* LaunchScreen.storyboard */ = {
			isa = PBXVariantGroup;
			children = (
				109C1E2E27EFF24D004826CF /* Base */,
			);
			name = LaunchScreen.storyboard;
			sourceTree = "<group>";
		};
/* End PBXVariantGroup section */

/* Begin XCBuildConfiguration section */
		109C1E4727EFF24F004826CF /* Debug */ = {
			isa = XCBuildConfiguration;
			buildSettings = {
				ALWAYS_SEARCH_USER_PATHS = NO;
				CLANG_ANALYZER_NONNULL = YES;
				CLANG_ANALYZER_NUMBER_OBJECT_CONVERSION = YES_AGGRESSIVE;
				CLANG_CXX_LANGUAGE_STANDARD = "gnu++17";
				CLANG_CXX_LIBRARY = "libc++";
				CLANG_ENABLE_MODULES = YES;
				CLANG_ENABLE_OBJC_ARC = YES;
				CLANG_ENABLE_OBJC_WEAK = YES;
				CLANG_WARN_BLOCK_CAPTURE_AUTORELEASING = YES;
				CLANG_WARN_BOOL_CONVERSION = YES;
				CLANG_WARN_COMMA = YES;
				CLANG_WARN_CONSTANT_CONVERSION = YES;
				CLANG_WARN_DEPRECATED_OBJC_IMPLEMENTATIONS = YES;
				CLANG_WARN_DIRECT_OBJC_ISA_USAGE = YES_ERROR;
				CLANG_WARN_DOCUMENTATION_COMMENTS = YES;
				CLANG_WARN_EMPTY_BODY = YES;
				CLANG_WARN_ENUM_CONVERSION = YES;
				CLANG_WARN_INFINITE_RECURSION = YES;
				CLANG_WARN_INT_CONVERSION = YES;
				CLANG_WARN_NON_LITERAL_NULL_CONVERSION = YES;
				CLANG_WARN_OBJC_IMPLICIT_RETAIN_SELF = YES;
				CLANG_WARN_OBJC_LITERAL_CONVERSION = YES;
				CLANG_WARN_OBJC_ROOT_CLASS = YES_ERROR;
				CLANG_WARN_QUOTED_INCLUDE_IN_FRAMEWORK_HEADER = YES;
				CLANG_WARN_RANGE_LOOP_ANALYSIS = YES;
				CLANG_WARN_STRICT_PROTOTYPES = YES;
				CLANG_WARN_SUSPICIOUS_MOVE = YES;
				CLANG_WARN_UNGUARDED_AVAILABILITY = YES_AGGRESSIVE;
				CLANG_WARN_UNREACHABLE_CODE = YES;
				CLANG_WARN__DUPLICATE_METHOD_MATCH = YES;
				COPY_PHASE_STRIP = NO;
				DEBUG_INFORMATION_FORMAT = dwarf;
				ENABLE_STRICT_OBJC_MSGSEND = YES;
				ENABLE_TESTABILITY = YES;
				GCC_C_LANGUAGE_STANDARD = gnu11;
				GCC_DYNAMIC_NO_PIC = NO;
				GCC_NO_COMMON_BLOCKS = YES;
				GCC_OPTIMIZATION_LEVEL = 0;
				GCC_PREPROCESSOR_DEFINITIONS = (
					"DEBUG=1",
					"$(inherited)",
				);
				GCC_WARN_64_TO_32_BIT_CONVERSION = YES;
				GCC_WARN_ABOUT_RETURN_TYPE = YES_ERROR;
				GCC_WARN_UNDECLARED_SELECTOR = YES;
				GCC_WARN_UNINITIALIZED_AUTOS = YES_AGGRESSIVE;
				GCC_WARN_UNUSED_FUNCTION = YES;
				GCC_WARN_UNUSED_VARIABLE = YES;
				IPHONEOS_DEPLOYMENT_TARGET = 15.5;
				MTL_ENABLE_DEBUG_INFO = INCLUDE_SOURCE;
				MTL_FAST_MATH = YES;
				ONLY_ACTIVE_ARCH = YES;
				OTHER_CODE_SIGN_FLAGS = "";
				"OTHER_CODE_SIGN_FLAGS[sdk=*]" = "";
				SDKROOT = iphoneos;
				SWIFT_ACTIVE_COMPILATION_CONDITIONS = DEBUG;
				SWIFT_OPTIMIZATION_LEVEL = "-Onone";
			};
			name = Debug;
		};
		109C1E4827EFF24F004826CF /* Release */ = {
			isa = XCBuildConfiguration;
			buildSettings = {
				ALWAYS_SEARCH_USER_PATHS = NO;
				CLANG_ANALYZER_NONNULL = YES;
				CLANG_ANALYZER_NUMBER_OBJECT_CONVERSION = YES_AGGRESSIVE;
				CLANG_CXX_LANGUAGE_STANDARD = "gnu++17";
				CLANG_CXX_LIBRARY = "libc++";
				CLANG_ENABLE_MODULES = YES;
				CLANG_ENABLE_OBJC_ARC = YES;
				CLANG_ENABLE_OBJC_WEAK = YES;
				CLANG_WARN_BLOCK_CAPTURE_AUTORELEASING = YES;
				CLANG_WARN_BOOL_CONVERSION = YES;
				CLANG_WARN_COMMA = YES;
				CLANG_WARN_CONSTANT_CONVERSION = YES;
				CLANG_WARN_DEPRECATED_OBJC_IMPLEMENTATIONS = YES;
				CLANG_WARN_DIRECT_OBJC_ISA_USAGE = YES_ERROR;
				CLANG_WARN_DOCUMENTATION_COMMENTS = YES;
				CLANG_WARN_EMPTY_BODY = YES;
				CLANG_WARN_ENUM_CONVERSION = YES;
				CLANG_WARN_INFINITE_RECURSION = YES;
				CLANG_WARN_INT_CONVERSION = YES;
				CLANG_WARN_NON_LITERAL_NULL_CONVERSION = YES;
				CLANG_WARN_OBJC_IMPLICIT_RETAIN_SELF = YES;
				CLANG_WARN_OBJC_LITERAL_CONVERSION = YES;
				CLANG_WARN_OBJC_ROOT_CLASS = YES_ERROR;
				CLANG_WARN_QUOTED_INCLUDE_IN_FRAMEWORK_HEADER = YES;
				CLANG_WARN_RANGE_LOOP_ANALYSIS = YES;
				CLANG_WARN_STRICT_PROTOTYPES = YES;
				CLANG_WARN_SUSPICIOUS_MOVE = YES;
				CLANG_WARN_UNGUARDED_AVAILABILITY = YES_AGGRESSIVE;
				CLANG_WARN_UNREACHABLE_CODE = YES;
				CLANG_WARN__DUPLICATE_METHOD_MATCH = YES;
				COPY_PHASE_STRIP = NO;
				DEBUG_INFORMATION_FORMAT = "dwarf-with-dsym";
				ENABLE_NS_ASSERTIONS = NO;
				ENABLE_STRICT_OBJC_MSGSEND = YES;
				GCC_C_LANGUAGE_STANDARD = gnu11;
				GCC_NO_COMMON_BLOCKS = YES;
				GCC_WARN_64_TO_32_BIT_CONVERSION = YES;
				GCC_WARN_ABOUT_RETURN_TYPE = YES_ERROR;
				GCC_WARN_UNDECLARED_SELECTOR = YES;
				GCC_WARN_UNINITIALIZED_AUTOS = YES_AGGRESSIVE;
				GCC_WARN_UNUSED_FUNCTION = YES;
				GCC_WARN_UNUSED_VARIABLE = YES;
				IPHONEOS_DEPLOYMENT_TARGET = 15.5;
				MTL_ENABLE_DEBUG_INFO = NO;
				MTL_FAST_MATH = YES;
				OTHER_CODE_SIGN_FLAGS = "";
				"OTHER_CODE_SIGN_FLAGS[sdk=*]" = "";
				SDKROOT = iphoneos;
				SWIFT_COMPILATION_MODE = wholemodule;
				SWIFT_OPTIMIZATION_LEVEL = "-O";
				VALIDATE_PRODUCT = YES;
			};
			name = Release;
		};
		109C1E4A27EFF24F004826CF /* Debug */ = {
			isa = XCBuildConfiguration;
			baseConfigurationReference = 76EA664DDD95AA52119F857A /* Pods-PlantAssist.debug.xcconfig */;
			buildSettings = {
				ASSETCATALOG_COMPILER_APPICON_NAME = AppIconpiechart;
				ASSETCATALOG_COMPILER_GLOBAL_ACCENT_COLOR_NAME = AccentColor;
				ASSETCATALOG_COMPILER_INCLUDE_ALL_APPICON_ASSETS = NO;
				CODE_SIGN_ENTITLEMENTS = PlantAssist/PlantAssist.entitlements;
				CODE_SIGN_IDENTITY = "Apple Development";
				CODE_SIGN_STYLE = Automatic;
				CURRENT_PROJECT_VERSION = 1;
				DEVELOPMENT_TEAM = L34NVW767B;
				GENERATE_INFOPLIST_FILE = YES;
				INFOPLIST_FILE = PlantAssist/Info.plist;
				INFOPLIST_KEY_CFBundleDisplayName = BroadVisions;
				INFOPLIST_KEY_NSCameraUsageDescription = Camera;
				INFOPLIST_KEY_NSPhotoLibraryUsageDescription = Photo;
				INFOPLIST_KEY_UIApplicationSupportsIndirectInputEvents = YES;
				INFOPLIST_KEY_UILaunchStoryboardName = LaunchScreen;
				INFOPLIST_KEY_UIMainStoryboardFile = Main;
				INFOPLIST_KEY_UIRequiresFullScreen = YES;
				INFOPLIST_KEY_UISupportedInterfaceOrientations = "UIInterfaceOrientationPortrait UIInterfaceOrientationPortraitUpsideDown";
				INFOPLIST_KEY_UISupportedInterfaceOrientations_iPad = "UIInterfaceOrientationPortrait UIInterfaceOrientationPortraitUpsideDown UIInterfaceOrientationLandscapeLeft UIInterfaceOrientationLandscapeRight";
				INFOPLIST_KEY_UISupportedInterfaceOrientations_iPhone = "UIInterfaceOrientationPortrait UIInterfaceOrientationLandscapeLeft UIInterfaceOrientationLandscapeRight";
				LD_RUNPATH_SEARCH_PATHS = (
					"$(inherited)",
					"@executable_path/Frameworks",
				);
				MARKETING_VERSION = 1.0;
				OTHER_CODE_SIGN_FLAGS = "";
				"OTHER_CODE_SIGN_FLAGS[sdk=*]" = "--generate-entitlement-der";
				PRODUCT_BUNDLE_IDENTIFIER = com.PlantAssist;
				PRODUCT_NAME = "$(TARGET_NAME)";
				PROVISIONING_PROFILE_SPECIFIER = "";
				SWIFT_EMIT_LOC_STRINGS = YES;
				SWIFT_VERSION = 5.0;
				TARGETED_DEVICE_FAMILY = "1,2";
			};
			name = Debug;
		};
		109C1E4B27EFF24F004826CF /* Release */ = {
			isa = XCBuildConfiguration;
			baseConfigurationReference = C02601DECEBD1433F7B2F6EA /* Pods-PlantAssist.release.xcconfig */;
			buildSettings = {
				ASSETCATALOG_COMPILER_APPICON_NAME = AppIconpiechart;
				ASSETCATALOG_COMPILER_GLOBAL_ACCENT_COLOR_NAME = AccentColor;
				ASSETCATALOG_COMPILER_INCLUDE_ALL_APPICON_ASSETS = NO;
				CODE_SIGN_ENTITLEMENTS = PlantAssist/PlantAssist.entitlements;
				CODE_SIGN_IDENTITY = "Apple Development";
				CODE_SIGN_STYLE = Automatic;
				CURRENT_PROJECT_VERSION = 1;
				DEVELOPMENT_TEAM = L34NVW767B;
				GENERATE_INFOPLIST_FILE = YES;
				INFOPLIST_FILE = PlantAssist/Info.plist;
				INFOPLIST_KEY_CFBundleDisplayName = BroadVisions;
				INFOPLIST_KEY_NSCameraUsageDescription = Camera;
				INFOPLIST_KEY_NSPhotoLibraryUsageDescription = Photo;
				INFOPLIST_KEY_UIApplicationSupportsIndirectInputEvents = YES;
				INFOPLIST_KEY_UILaunchStoryboardName = LaunchScreen;
				INFOPLIST_KEY_UIMainStoryboardFile = Main;
				INFOPLIST_KEY_UIRequiresFullScreen = YES;
				INFOPLIST_KEY_UISupportedInterfaceOrientations = "UIInterfaceOrientationPortrait UIInterfaceOrientationPortraitUpsideDown";
				INFOPLIST_KEY_UISupportedInterfaceOrientations_iPad = "UIInterfaceOrientationPortrait UIInterfaceOrientationPortraitUpsideDown UIInterfaceOrientationLandscapeLeft UIInterfaceOrientationLandscapeRight";
				INFOPLIST_KEY_UISupportedInterfaceOrientations_iPhone = "UIInterfaceOrientationPortrait UIInterfaceOrientationLandscapeLeft UIInterfaceOrientationLandscapeRight";
				LD_RUNPATH_SEARCH_PATHS = (
					"$(inherited)",
					"@executable_path/Frameworks",
				);
				MARKETING_VERSION = 1.0;
				OTHER_CODE_SIGN_FLAGS = "";
				"OTHER_CODE_SIGN_FLAGS[sdk=*]" = "--generate-entitlement-der";
				PRODUCT_BUNDLE_IDENTIFIER = com.PlantAssist;
				PRODUCT_NAME = "$(TARGET_NAME)";
				PROVISIONING_PROFILE_SPECIFIER = "";
				SWIFT_EMIT_LOC_STRINGS = YES;
				SWIFT_VERSION = 5.0;
				TARGETED_DEVICE_FAMILY = "1,2";
			};
			name = Release;
		};
		109C1E4D27EFF24F004826CF /* Debug */ = {
			isa = XCBuildConfiguration;
			baseConfigurationReference = 24DB03DE9339D3787C77F216 /* Pods-PlantAssistTests.debug.xcconfig */;
			buildSettings = {
				ALWAYS_EMBED_SWIFT_STANDARD_LIBRARIES = YES;
				BUNDLE_LOADER = "$(TEST_HOST)";
				"CODE_SIGN_IDENTITY[sdk=macosx*]" = "Apple Development";
				CODE_SIGN_STYLE = Automatic;
				CURRENT_PROJECT_VERSION = 1;
				DEVELOPMENT_TEAM = L34NVW767B;
				GENERATE_INFOPLIST_FILE = YES;
				IPHONEOS_DEPLOYMENT_TARGET = 15.5;
				MARKETING_VERSION = 1.0;
				PRODUCT_BUNDLE_IDENTIFIER = com.PlantAssistTests;
				PRODUCT_NAME = "$(TARGET_NAME)";
				SWIFT_EMIT_LOC_STRINGS = NO;
				SWIFT_VERSION = 5.0;
				TARGETED_DEVICE_FAMILY = "1,2";
				TEST_HOST = "$(BUILT_PRODUCTS_DIR)/PlantAssist.app/PlantAssist";
			};
			name = Debug;
		};
		109C1E4E27EFF24F004826CF /* Release */ = {
			isa = XCBuildConfiguration;
			baseConfigurationReference = 80BDA528F48EF1161DE537F3 /* Pods-PlantAssistTests.release.xcconfig */;
			buildSettings = {
				ALWAYS_EMBED_SWIFT_STANDARD_LIBRARIES = YES;
				BUNDLE_LOADER = "$(TEST_HOST)";
				"CODE_SIGN_IDENTITY[sdk=macosx*]" = "Apple Development";
				CODE_SIGN_STYLE = Automatic;
				CURRENT_PROJECT_VERSION = 1;
				DEVELOPMENT_TEAM = L34NVW767B;
				GENERATE_INFOPLIST_FILE = YES;
				IPHONEOS_DEPLOYMENT_TARGET = 15.5;
				MARKETING_VERSION = 1.0;
				PRODUCT_BUNDLE_IDENTIFIER = com.PlantAssistTests;
				PRODUCT_NAME = "$(TARGET_NAME)";
				SWIFT_EMIT_LOC_STRINGS = NO;
				SWIFT_VERSION = 5.0;
				TARGETED_DEVICE_FAMILY = "1,2";
				TEST_HOST = "$(BUILT_PRODUCTS_DIR)/PlantAssist.app/PlantAssist";
			};
			name = Release;
		};
		109C1E5027EFF24F004826CF /* Debug */ = {
			isa = XCBuildConfiguration;
			baseConfigurationReference = DC649AD26648DAF62DC8B707 /* Pods-PlantAssist-PlantAssistUITests.debug.xcconfig */;
			buildSettings = {
				ALWAYS_EMBED_SWIFT_STANDARD_LIBRARIES = YES;
				CODE_SIGN_STYLE = Automatic;
				CURRENT_PROJECT_VERSION = 1;
				DEVELOPMENT_TEAM = L34NVW767B;
				GENERATE_INFOPLIST_FILE = YES;
				MARKETING_VERSION = 1.0;
				PRODUCT_BUNDLE_IDENTIFIER = com.PlantAssistUITests;
				PRODUCT_NAME = "$(TARGET_NAME)";
				SWIFT_EMIT_LOC_STRINGS = NO;
				SWIFT_VERSION = 5.0;
				TARGETED_DEVICE_FAMILY = "1,2";
				TEST_TARGET_NAME = PlantAssist;
			};
			name = Debug;
		};
		109C1E5127EFF24F004826CF /* Release */ = {
			isa = XCBuildConfiguration;
			baseConfigurationReference = 4F587D12AEBEB1C65DE702A3 /* Pods-PlantAssist-PlantAssistUITests.release.xcconfig */;
			buildSettings = {
				ALWAYS_EMBED_SWIFT_STANDARD_LIBRARIES = YES;
				CODE_SIGN_STYLE = Automatic;
				CURRENT_PROJECT_VERSION = 1;
				DEVELOPMENT_TEAM = L34NVW767B;
				GENERATE_INFOPLIST_FILE = YES;
				MARKETING_VERSION = 1.0;
				PRODUCT_BUNDLE_IDENTIFIER = com.PlantAssistUITests;
				PRODUCT_NAME = "$(TARGET_NAME)";
				SWIFT_EMIT_LOC_STRINGS = NO;
				SWIFT_VERSION = 5.0;
				TARGETED_DEVICE_FAMILY = "1,2";
				TEST_TARGET_NAME = PlantAssist;
			};
			name = Release;
		};
/* End XCBuildConfiguration section */

/* Begin XCConfigurationList section */
		109C1E1A27EFF23E004826CF /* Build configuration list for PBXProject "PlantAssist" */ = {
			isa = XCConfigurationList;
			buildConfigurations = (
				109C1E4727EFF24F004826CF /* Debug */,
				109C1E4827EFF24F004826CF /* Release */,
			);
			defaultConfigurationIsVisible = 0;
			defaultConfigurationName = Release;
		};
		109C1E4927EFF24F004826CF /* Build configuration list for PBXNativeTarget "PlantAssist" */ = {
			isa = XCConfigurationList;
			buildConfigurations = (
				109C1E4A27EFF24F004826CF /* Debug */,
				109C1E4B27EFF24F004826CF /* Release */,
			);
			defaultConfigurationIsVisible = 0;
			defaultConfigurationName = Release;
		};
		109C1E4C27EFF24F004826CF /* Build configuration list for PBXNativeTarget "PlantAssistTests" */ = {
			isa = XCConfigurationList;
			buildConfigurations = (
				109C1E4D27EFF24F004826CF /* Debug */,
				109C1E4E27EFF24F004826CF /* Release */,
			);
			defaultConfigurationIsVisible = 0;
			defaultConfigurationName = Release;
		};
		109C1E4F27EFF24F004826CF /* Build configuration list for PBXNativeTarget "PlantAssistUITests" */ = {
			isa = XCConfigurationList;
			buildConfigurations = (
				109C1E5027EFF24F004826CF /* Debug */,
				109C1E5127EFF24F004826CF /* Release */,
			);
			defaultConfigurationIsVisible = 0;
			defaultConfigurationName = Release;
		};
/* End XCConfigurationList section */

/* Begin XCRemoteSwiftPackageReference section */
		10633EAB28331E0D00C85A3B /* XCRemoteSwiftPackageReference "firebase-ios-sdk" */ = {
			isa = XCRemoteSwiftPackageReference;
			repositoryURL = "https://github.com/firebase/firebase-ios-sdk";
			requirement = {
				kind = upToNextMajorVersion;
				minimumVersion = 9.0.0;
			};
		};
/* End XCRemoteSwiftPackageReference section */
	};
	rootObject = 109C1E1727EFF23E004826CF /* Project object */;
}
